<?xml version="1.0" encoding="utf-8"?>
<Project ToolsVersion="4.0" xmlns="http://schemas.microsoft.com/developer/msbuild/2003">
  <ItemGroup>
    <Filter Include="Source Files">
      <UniqueIdentifier>{4FC737F1-C7A5-4376-A066-2A32D752A2FF}</UniqueIdentifier>
      <Extensions>cpp;c;cc;cxx;c++;cppm;ixx;def;odl;idl;hpj;bat;asm;asmx</Extensions>
    </Filter>
    <Filter Include="Header Files">
      <UniqueIdentifier>{93995380-89BD-4b04-88EB-625FBE52EBFB}</UniqueIdentifier>
      <Extensions>h;hh;hpp;hxx;h++;hm;inl;inc;ipp;xsd</Extensions>
    </Filter>
    <Filter Include="Resource Files">
      <UniqueIdentifier>{67DA6AB6-F800-4c08-8B7A-83BB121AAD01}</UniqueIdentifier>
      <Extensions>rc;ico;cur;bmp;dlg;rc2;rct;bin;rgs;gif;jpg;jpeg;jpe;resx;tiff;tif;png;wav;mfcribbon-ms</Extensions>
    </Filter>
    <Filter Include="Engine">
      <UniqueIdentifier>{802eb370-93cf-4add-90d6-5c5bcb6badec}</UniqueIdentifier>
    </Filter>
  </ItemGroup>
  <ItemGroup>
    <ClCompile Include="BallsPhysics.cpp">
      <Filter>Source Files</Filter>
    </ClCompile>
    <ClCompile Include="stageWalls.cpp">
      <Filter>Source Files</Filter>
    </ClCompile>
    <ClCompile Include="particles.cpp">
      <Filter>Source Files</Filter>
    </ClCompile>
    <ClCompile Include="particleSystem.cpp">
      <Filter>Source Files</Filter>
    </ClCompile>
    <ClCompile Include="Engine\DrawFunctions.cpp">
      <Filter>Engine</Filter>
    </ClCompile>
    <ClCompile Include="Engine\Game2D.cpp">
      <Filter>Engine</Filter>
    </ClCompile>
    <ClCompile Include="Engine\Timer.cpp">
      <Filter>Engine</Filter>
    </ClCompile>
    <ClCompile Include="Engine\SoundEngine.cpp">
      <Filter>Engine</Filter>
    </ClCompile>
    <ClCompile Include="bullets.cpp">
      <Filter>Source Files</Filter>
    </ClCompile>
    <ClCompile Include="charactor.cpp">
      <Filter>Source Files</Filter>
    </ClCompile>
    <ClCompile Include="kineticBalls.cpp">
      <Filter>Source Files</Filter>
    </ClCompile>
  </ItemGroup>
  <ItemGroup>
    <ClInclude Include="kineticBalls.h">
      <Filter>Header Files</Filter>
    </ClInclude>
    <ClInclude Include="stageWalls.h">
      <Filter>Header Files</Filter>
    </ClInclude>
    <ClInclude Include="actor.h">
      <Filter>Header Files</Filter>
    </ClInclude>
    <ClInclude Include="command.h">
      <Filter>Header Files</Filter>
    </ClInclude>
    <ClInclude Include="charactor.h">
      <Filter>Header Files</Filter>
    </ClInclude>
    <ClInclude Include="InputHandler.h">
      <Filter>Header Files</Filter>
    </ClInclude>
    <ClInclude Include="bullets.h">
      <Filter>Header Files</Filter>
    </ClInclude>
    <ClInclude Include="projectile.h">
      <Filter>Header Files</Filter>
    </ClInclude>
    <ClInclude Include="execute.h">
      <Filter>Header Files</Filter>
    </ClInclude>
    <ClInclude Include="particles.h">
      <Filter>Header Files</Filter>
    </ClInclude>
    <ClInclude Include="particleSystem.h">
      <Filter>Header Files</Filter>
    </ClInclude>
    <ClInclude Include="Engine\Colors.h">
      <Filter>Engine</Filter>
    </ClInclude>
    <ClInclude Include="Engine\DrawFunctions.h">
      <Filter>Engine</Filter>
    </ClInclude>
    <ClInclude Include="Engine\Game2D.h">
      <Filter>Engine</Filter>
    </ClInclude>
    <ClInclude Include="Engine\RandomNumberGenerator.h">
      <Filter>Engine</Filter>
    </ClInclude>
    <ClInclude Include="Engine\RGB.h">
      <Filter>Engine</Filter>
    </ClInclude>
    <ClInclude Include="Engine\Timer.h">
      <Filter>Engine</Filter>
    </ClInclude>
    <ClInclude Include="Engine\Vector2.h">
      <Filter>Engine</Filter>
    </ClInclude>
    <ClInclude Include="Engine\Vector3.h">
      <Filter>Engine</Filter>
    </ClInclude>
    <ClInclude Include="Engine\SoundEngine.h">
      <Filter>Engine</Filter>
    </ClInclude>
  </ItemGroup>
</Project>